
Microsoft Visual Studio Solution File, Format Version 12.00
# Visual Studio Version 16
VisualStudioVersion = 16.0.30516.212
MinimumVisualStudioVersion = 10.0.40219.1
Project("{FAE04EC0-301F-11D3-BF4B-00C04F79EFBC}") = "SfRadialGauge_GettingStarted", "SfRadialGauge_GettingStarted.csproj", "{189D9618-C8AF-4F00-A3AD-BF91705EAE64}"
EndProject
Global
	GlobalSection(SolutionConfigurationPlatforms) = preSolution
		Debug|x64 = Debug|x64
		Debug|x86 = Debug|x86
		Release|x64 = Release|x64
		Release|x86 = Release|x86
	EndGlobalSection
	GlobalSection(ProjectConfigurationPlatforms) = postSolution
		{189D9618-C8AF-4F00-A3AD-BF91705EAE64}.Debug|x64.ActiveCfg = Debug|x64
		{189D9618-C8AF-4F00-A3AD-BF91705EAE64}.Debug|x64.Build.0 = Debug|x64
		{189D9618-C8AF-4F00-A3AD-BF91705EAE64}.Debug|x64.Deploy.0 = Debug|x64
		{189D9618-C8AF-4F00-A3AD-BF91705EAE64}.Debug|x86.ActiveCfg = Debug|x86
		{189D9618-C8AF-4F00-A3AD-BF91705EAE64}.Debug|x86.Build.0 = Debug|x86
		{189D9618-C8AF-4F00-A3AD-BF91705EAE64}.Debug|x86.Deploy.0 = Debug|x86
		{189D9618-C8AF-4F00-A3AD-BF91705EAE64}.Release|x64.ActiveCfg = Release|x64
		{189D9618-C8AF-4F00-A3AD-BF91705EAE64}.Release|x64.Build.0 = Release|x64
		{189D9618-C8AF-4F00-A3AD-BF91705EAE64}.Release|x64.Deploy.0 = Release|x64
		{189D9618-C8AF-4F00-A3AD-BF91705EAE64}.Release|x86.ActiveCfg = Release|x86
		{189D9618-C8AF-4F00-A3AD-BF91705EAE64}.Release|x86.Build.0 = Release|x86
		{189D9618-C8AF-4F00-A3AD-BF91705EAE64}.Release|x86.Deploy.0 = Release|x86
	EndGlobalSection
	GlobalSection(SolutionProperties) = preSolution
		HideSolutionNode = FALSE
	EndGlobalSection
	GlobalSection(ExtensibilityGlobals) = postSolution
		SolutionGuid = {C404E7DE-7C97-4317-A335-B412972CFFE6}
	EndGlobalSection
EndGlobal
